
Microsoft Visual Studio Solution File, Format Version 12.00
# Visual Studio Version 16
VisualStudioVersion = 16.0.31613.86
MinimumVisualStudioVersion = 10.0.40219.1
Project("{FAE04EC0-301F-11D3-BF4B-00C04F79EFBC}") = "7Check.Android", "7Check\7Check.Android\7Check.Android.csproj", "{77C1D864-86E5-4FCA-BFB2-408C8DD37936}"
EndProject
Project("{FAE04EC0-301F-11D3-BF4B-00C04F79EFBC}") = "7Check", "7Check\7Check\7Check.csproj", "{1CFC32E6-6A71-4501-9DBA-54ECFB504B23}"
EndProject
Global
	GlobalSection(SolutionConfigurationPlatforms) = preSolution
		Debug|Any CPU = Debug|Any CPU
		Release|Any CPU = Release|Any CPU
	EndGlobalSection
	GlobalSection(ProjectConfigurationPlatforms) = postSolution
		{77C1D864-86E5-4FCA-BFB2-408C8DD37936}.Debug|Any CPU.ActiveCfg = Debug|Any CPU
		{77C1D864-86E5-4FCA-BFB2-408C8DD37936}.Debug|Any CPU.Build.0 = Debug|Any CPU
		{77C1D864-86E5-4FCA-BFB2-408C8DD37936}.Debug|Any CPU.Deploy.0 = Debug|Any CPU
		{77C1D864-86E5-4FCA-BFB2-408C8DD37936}.Release|Any CPU.ActiveCfg = Release|Any CPU
		{77C1D864-86E5-4FCA-BFB2-408C8DD37936}.Release|Any CPU.Build.0 = Release|Any CPU
		{77C1D864-86E5-4FCA-BFB2-408C8DD37936}.Release|Any CPU.Deploy.0 = Release|Any CPU
		{1CFC32E6-6A71-4501-9DBA-54ECFB504B23}.Debug|Any CPU.ActiveCfg = Debug|Any CPU
		{1CFC32E6-6A71-4501-9DBA-54ECFB504B23}.Debug|Any CPU.Build.0 = Debug|Any CPU
		{1CFC32E6-6A71-4501-9DBA-54ECFB504B23}.Debug|Any CPU.Deploy.0 = Debug|Any CPU
		{1CFC32E6-6A71-4501-9DBA-54ECFB504B23}.Release|Any CPU.ActiveCfg = Release|Any CPU
		{1CFC32E6-6A71-4501-9DBA-54ECFB504B23}.Release|Any CPU.Build.0 = Release|Any CPU
		{1CFC32E6-6A71-4501-9DBA-54ECFB504B23}.Release|Any CPU.Deploy.0 = Release|Any CPU
	EndGlobalSection
	GlobalSection(SolutionProperties) = preSolution
		HideSolutionNode = FALSE
	EndGlobalSection
	GlobalSection(ExtensibilityGlobals) = postSolution
		SolutionGuid = {DB92FE06-33DE-4751-9964-C52D8177E9E1}
	EndGlobalSection
EndGlobal
